
Microsoft Visual Studio Solution File, Format Version 12.00
# Visual Studio Version 17
VisualStudioVersion = 17.4.33213.308
MinimumVisualStudioVersion = 10.0.40219.1
Project("{FAE04EC0-301F-11D3-BF4B-00C04F79EFBC}") = "Celcius x Fahrenheit", "Celcius x Fahrenheit\Celcius x Fahrenheit.csproj", "{574AE1EA-5E1D-4A95-A774-CD6DFB9D6050}"
EndProject
Global
	GlobalSection(SolutionConfigurationPlatforms) = preSolution
		Debug|Any CPU = Debug|Any CPU
		Release|Any CPU = Release|Any CPU
	EndGlobalSection
	GlobalSection(ProjectConfigurationPlatforms) = postSolution
		{574AE1EA-5E1D-4A95-A774-CD6DFB9D6050}.Debug|Any CPU.ActiveCfg = Debug|Any CPU
		{574AE1EA-5E1D-4A95-A774-CD6DFB9D6050}.Debug|Any CPU.Build.0 = Debug|Any CPU
		{574AE1EA-5E1D-4A95-A774-CD6DFB9D6050}.Release|Any CPU.ActiveCfg = Release|Any CPU
		{574AE1EA-5E1D-4A95-A774-CD6DFB9D6050}.Release|Any CPU.Build.0 = Release|Any CPU
	EndGlobalSection
	GlobalSection(SolutionProperties) = preSolution
		HideSolutionNode = FALSE
	EndGlobalSection
	GlobalSection(ExtensibilityGlobals) = postSolution
		SolutionGuid = {EF227B2A-95BB-446B-AAF5-39555E57FF8C}
	EndGlobalSection
EndGlobal
